// !$*UTF8*$!
{
	archiveVersion = 1;
	classes = {
	};
	objectVersion = 48;
	objects = {

/* Begin PBXBuildFile section */
		0A0D3D062071FAB600D263D4 /* NetworkSessionWrapper.swift in Sources */ = {isa = PBXBuildFile; fileRef = 0A0D3D052071FAB600D263D4 /* NetworkSessionWrapper.swift */; };
		0A0D3D1720726B6B00D263D4 /* MovieViewController.swift in Sources */ = {isa = PBXBuildFile; fileRef = 0A0D3D08207241F700D263D4 /* MovieViewController.swift */; };
		0A0D3D1820726B6B00D263D4 /* MoviesViewController.swift in Sources */ = {isa = PBXBuildFile; fileRef = 0A0D3D09207241F700D263D4 /* MoviesViewController.swift */; };
		0A0D3D1920726B6B00D263D4 /* SearchMovieViewController.swift in Sources */ = {isa = PBXBuildFile; fileRef = 0A0D3D0A207241F700D263D4 /* SearchMovieViewController.swift */; };
		0A0D3D1A20726B6B00D263D4 /* MoviesViewController+Model.swift in Sources */ = {isa = PBXBuildFile; fileRef = 0A0D3D0B207241F700D263D4 /* MoviesViewController+Model.swift */; };
		0A0D3D1B20726B6B00D263D4 /* MovieViewController+Model.swift in Sources */ = {isa = PBXBuildFile; fileRef = 0A0D3D0C207241F700D263D4 /* MovieViewController+Model.swift */; };
		0A0D3D1C20726B6E00D263D4 /* NotificationViewController.swift in Sources */ = {isa = PBXBuildFile; fileRef = 0A0D3D1420724E8C00D263D4 /* NotificationViewController.swift */; };
		0A0D3D252073894E00D263D4 /* Numeric+Extensions.swift in Sources */ = {isa = PBXBuildFile; fileRef = 0A0D3D232073878800D263D4 /* Numeric+Extensions.swift */; };
		0A0D3D282073910300D263D4 /* TitleSubtitleTableViewCell.swift in Sources */ = {isa = PBXBuildFile; fileRef = 0A0D3D262073904500D263D4 /* TitleSubtitleTableViewCell.swift */; };
		0A0D3D2C2073926100D263D4 /* TitleSubtitleTableViewCell.xib in Resources */ = {isa = PBXBuildFile; fileRef = 0A0D3D292073913900D263D4 /* TitleSubtitleTableViewCell.xib */; };
		0A0D3D2F2073FFCA00D263D4 /* BaseTableViewController.swift in Sources */ = {isa = PBXBuildFile; fileRef = 0A0D3D2D2073F87500D263D4 /* BaseTableViewController.swift */; };
		0A3805A6207005D800F680E1 /* MoviePreviewTableViewCell.xib in Resources */ = {isa = PBXBuildFile; fileRef = 0A3805A5207005D800F680E1 /* MoviePreviewTableViewCell.xib */; };
		0A3805A8207014E800F680E1 /* ViewControllersProtocols.swift in Sources */ = {isa = PBXBuildFile; fileRef = 0A3805A7207014E800F680E1 /* ViewControllersProtocols.swift */; };
		0A3805AB207029C000F680E1 /* MediaManager.swift in Sources */ = {isa = PBXBuildFile; fileRef = 0A3805AA207029C000F680E1 /* MediaManager.swift */; };
		0A3805AD2070363B00F680E1 /* MediaDeliveryService.swift in Sources */ = {isa = PBXBuildFile; fileRef = 0A3805AC2070363B00F680E1 /* MediaDeliveryService.swift */; };
		0A6F218320695BE400B0BD37 /* AppDelegate.swift in Sources */ = {isa = PBXBuildFile; fileRef = 0A6F218220695BE400B0BD37 /* AppDelegate.swift */; };
		0A6F218520695BE400B0BD37 /* ViewController.swift in Sources */ = {isa = PBXBuildFile; fileRef = 0A6F218420695BE400B0BD37 /* ViewController.swift */; };
		0A6F219D20695CA100B0BD37 /* NetworkWorm.h in Headers */ = {isa = PBXBuildFile; fileRef = 0A6F219B20695CA100B0BD37 /* NetworkWorm.h */; settings = {ATTRIBUTES = (Public, ); }; };
		0A6F21A020695CA100B0BD37 /* NetworkWorm.framework in Frameworks */ = {isa = PBXBuildFile; fileRef = 0A6F219920695CA100B0BD37 /* NetworkWorm.framework */; };
		0A6F21A120695CA100B0BD37 /* NetworkWorm.framework in Embed Frameworks */ = {isa = PBXBuildFile; fileRef = 0A6F219920695CA100B0BD37 /* NetworkWorm.framework */; settings = {ATTRIBUTES = (CodeSignOnCopy, RemoveHeadersOnCopy, ); }; };
		0A6F21BE20695D4100B0BD37 /* NetworkReachabilityManager.swift in Sources */ = {isa = PBXBuildFile; fileRef = 0A6F21B720695D4000B0BD37 /* NetworkReachabilityManager.swift */; };
		0A6F21BF20695D4100B0BD37 /* NetworkAPIClient.swift in Sources */ = {isa = PBXBuildFile; fileRef = 0A6F21B820695D4000B0BD37 /* NetworkAPIClient.swift */; };
		0A6F21C020695D4100B0BD37 /* NetworkResponse.swift in Sources */ = {isa = PBXBuildFile; fileRef = 0A6F21B920695D4000B0BD37 /* NetworkResponse.swift */; };
		0A6F21C120695D4100B0BD37 /* NetworkCommand.swift in Sources */ = {isa = PBXBuildFile; fileRef = 0A6F21BA20695D4000B0BD37 /* NetworkCommand.swift */; };
		0A6F21C220695D4100B0BD37 /* NetworkErrorFactory.swift in Sources */ = {isa = PBXBuildFile; fileRef = 0A6F21BB20695D4000B0BD37 /* NetworkErrorFactory.swift */; };
		0A6F21C320695D4100B0BD37 /* NetworkConfiguration.swift in Sources */ = {isa = PBXBuildFile; fileRef = 0A6F21BC20695D4000B0BD37 /* NetworkConfiguration.swift */; };
		0A6F21C420695D4100B0BD37 /* NetworkResponseAnalyzer.swift in Sources */ = {isa = PBXBuildFile; fileRef = 0A6F21BD20695D4100B0BD37 /* NetworkResponseAnalyzer.swift */; };
		0A85E53A206D7EDA0023B417 /* Assets.xcassets in Resources */ = {isa = PBXBuildFile; fileRef = 0A85E50E206D7EDA0023B417 /* Assets.xcassets */; };
		0A85E53B206D7EDA0023B417 /* LaunchScreen.storyboard in Resources */ = {isa = PBXBuildFile; fileRef = 0A85E50F206D7EDA0023B417 /* LaunchScreen.storyboard */; };
		0A85E53C206D7EDA0023B417 /* Main.storyboard in Resources */ = {isa = PBXBuildFile; fileRef = 0A85E511206D7EDA0023B417 /* Main.storyboard */; };
		0A85E540206D7EDA0023B417 /* ApplicationSettingsStorage.swift in Sources */ = {isa = PBXBuildFile; fileRef = 0A85E517206D7EDA0023B417 /* ApplicationSettingsStorage.swift */; };
		0A85E541206D7EDA0023B417 /* MoviesDataProvider.swift in Sources */ = {isa = PBXBuildFile; fileRef = 0A85E519206D7EDA0023B417 /* MoviesDataProvider.swift */; };
		0A85E542206D7EDA0023B417 /* UIViewController+Extensions.swift in Sources */ = {isa = PBXBuildFile; fileRef = 0A85E51C206D7EDA0023B417 /* UIViewController+Extensions.swift */; };
		0A85E543206D7EDA0023B417 /* UIView+Extensions.swift in Sources */ = {isa = PBXBuildFile; fileRef = 0A85E51D206D7EDA0023B417 /* UIView+Extensions.swift */; };
		0A85E544206D7EDA0023B417 /* UITableViewCell.swift in Sources */ = {isa = PBXBuildFile; fileRef = 0A85E51E206D7EDA0023B417 /* UITableViewCell.swift */; };
		0A85E545206D7EDA0023B417 /* Collection+Extensions.swift in Sources */ = {isa = PBXBuildFile; fileRef = 0A85E520206D7EDA0023B417 /* Collection+Extensions.swift */; };
		0A85E54F206D7EDA0023B417 /* MoneyFormatter.swift in Sources */ = {isa = PBXBuildFile; fileRef = 0A85E52D206D7EDA0023B417 /* MoneyFormatter.swift */; };
		0A85E550206D7EDA0023B417 /* DateFormatter.swift in Sources */ = {isa = PBXBuildFile; fileRef = 0A85E52E206D7EDA0023B417 /* DateFormatter.swift */; };
		0A85E553206D7EDA0023B417 /* KeyboardService.swift in Sources */ = {isa = PBXBuildFile; fileRef = 0A85E533206D7EDA0023B417 /* KeyboardService.swift */; };
		0A85E554206D7EDA0023B417 /* LoggingService.swift in Sources */ = {isa = PBXBuildFile; fileRef = 0A85E534206D7EDA0023B417 /* LoggingService.swift */; };
		0A85E555206D7EDA0023B417 /* Services.swift in Sources */ = {isa = PBXBuildFile; fileRef = 0A85E535206D7EDA0023B417 /* Services.swift */; };
		0A85E556206D7EDA0023B417 /* DataProviderService.swift in Sources */ = {isa = PBXBuildFile; fileRef = 0A85E536206D7EDA0023B417 /* DataProviderService.swift */; };
		0A85E557206D7EDB0023B417 /* NetworkService.swift in Sources */ = {isa = PBXBuildFile; fileRef = 0A85E537206D7EDA0023B417 /* NetworkService.swift */; };
		0A85E558206D7EDB0023B417 /* ViewControllersService.swift in Sources */ = {isa = PBXBuildFile; fileRef = 0A85E538206D7EDA0023B417 /* ViewControllersService.swift */; };
		0A85E565206D86020023B417 /* LeftRightTableViewCell.swift in Sources */ = {isa = PBXBuildFile; fileRef = 0A85E563206D86020023B417 /* LeftRightTableViewCell.swift */; };
		0A85E566206D86020023B417 /* LeftRightTableViewCell.xib in Resources */ = {isa = PBXBuildFile; fileRef = 0A85E564206D86020023B417 /* LeftRightTableViewCell.xib */; };
		0A8A93E6206D1DAE00ABABEF /* NetworkRequestSerializer.swift in Sources */ = {isa = PBXBuildFile; fileRef = 0A8A93E5206D1DAE00ABABEF /* NetworkRequestSerializer.swift */; };
		0AD085C6206E23AC00CAFF97 /* Movie.swift in Sources */ = {isa = PBXBuildFile; fileRef = 0AD085C5206E23AC00CAFF97 /* Movie.swift */; };
		0AD085C8206E641700CAFF97 /* MoviePreviewTableViewCell.swift in Sources */ = {isa = PBXBuildFile; fileRef = 0AD085C7206E641700CAFF97 /* MoviePreviewTableViewCell.swift */; };
		0AD085CC206E807000CAFF97 /* UserActionsProtocols.swift in Sources */ = {isa = PBXBuildFile; fileRef = 0AD085CB206E807000CAFF97 /* UserActionsProtocols.swift */; };
		0AD085CE206E929800CAFF97 /* Result.swift in Sources */ = {isa = PBXBuildFile; fileRef = 0AD085CD206E929800CAFF97 /* Result.swift */; };
		0AD085D0206EB57500CAFF97 /* PagedList.swift in Sources */ = {isa = PBXBuildFile; fileRef = 0AD085CF206EB57500CAFF97 /* PagedList.swift */; };
/* End PBXBuildFile section */

/* Begin PBXContainerItemProxy section */
		0A6F219E20695CA100B0BD37 /* PBXContainerItemProxy */ = {
			isa = PBXContainerItemProxy;
			containerPortal = 0A6F217720695BE400B0BD37 /* Project object */;
			proxyType = 1;
			remoteGlobalIDString = 0A6F219820695CA100B0BD37;
			remoteInfo = NetworkWorm;
		};
/* End PBXContainerItemProxy section */

/* Begin PBXCopyFilesBuildPhase section */
		0A6F21A520695CA100B0BD37 /* Embed Frameworks */ = {
			isa = PBXCopyFilesBuildPhase;
			buildActionMask = 2147483647;
			dstPath = "";
			dstSubfolderSpec = 10;
			files = (
				0A6F21A120695CA100B0BD37 /* NetworkWorm.framework in Embed Frameworks */,
			);
			name = "Embed Frameworks";
			runOnlyForDeploymentPostprocessing = 0;
		};
/* End PBXCopyFilesBuildPhase section */

/* Begin PBXFileReference section */
		0A0D3D052071FAB600D263D4 /* NetworkSessionWrapper.swift */ = {isa = PBXFileReference; lastKnownFileType = sourcecode.swift; path = NetworkSessionWrapper.swift; sourceTree = "<group>"; };
		0A0D3D08207241F700D263D4 /* MovieViewController.swift */ = {isa = PBXFileReference; fileEncoding = 4; lastKnownFileType = sourcecode.swift; path = MovieViewController.swift; sourceTree = "<group>"; };
		0A0D3D09207241F700D263D4 /* MoviesViewController.swift */ = {isa = PBXFileReference; fileEncoding = 4; lastKnownFileType = sourcecode.swift; path = MoviesViewController.swift; sourceTree = "<group>"; };
		0A0D3D0A207241F700D263D4 /* SearchMovieViewController.swift */ = {isa = PBXFileReference; fileEncoding = 4; lastKnownFileType = sourcecode.swift; path = SearchMovieViewController.swift; sourceTree = "<group>"; };
		0A0D3D0B207241F700D263D4 /* MoviesViewController+Model.swift */ = {isa = PBXFileReference; fileEncoding = 4; lastKnownFileType = sourcecode.swift; path = "MoviesViewController+Model.swift"; sourceTree = "<group>"; };
		0A0D3D0C207241F700D263D4 /* MovieViewController+Model.swift */ = {isa = PBXFileReference; fileEncoding = 4; lastKnownFileType = sourcecode.swift; path = "MovieViewController+Model.swift"; sourceTree = "<group>"; };
		0A0D3D1420724E8C00D263D4 /* NotificationViewController.swift */ = {isa = PBXFileReference; lastKnownFileType = sourcecode.swift; path = NotificationViewController.swift; sourceTree = "<group>"; };
		0A0D3D232073878800D263D4 /* Numeric+Extensions.swift */ = {isa = PBXFileReference; lastKnownFileType = sourcecode.swift; path = "Numeric+Extensions.swift"; sourceTree = "<group>"; };
		0A0D3D262073904500D263D4 /* TitleSubtitleTableViewCell.swift */ = {isa = PBXFileReference; lastKnownFileType = sourcecode.swift; path = TitleSubtitleTableViewCell.swift; sourceTree = "<group>"; };
		0A0D3D292073913900D263D4 /* TitleSubtitleTableViewCell.xib */ = {isa = PBXFileReference; fileEncoding = 4; lastKnownFileType = file.xib; path = TitleSubtitleTableViewCell.xib; sourceTree = "<group>"; };
		0A0D3D2D2073F87500D263D4 /* BaseTableViewController.swift */ = {isa = PBXFileReference; lastKnownFileType = sourcecode.swift; path = BaseTableViewController.swift; sourceTree = "<group>"; };
		0A3805A5207005D800F680E1 /* MoviePreviewTableViewCell.xib */ = {isa = PBXFileReference; fileEncoding = 4; lastKnownFileType = file.xib; path = MoviePreviewTableViewCell.xib; sourceTree = "<group>"; };
		0A3805A7207014E800F680E1 /* ViewControllersProtocols.swift */ = {isa = PBXFileReference; lastKnownFileType = sourcecode.swift; path = ViewControllersProtocols.swift; sourceTree = "<group>"; };
		0A3805AA207029C000F680E1 /* MediaManager.swift */ = {isa = PBXFileReference; lastKnownFileType = sourcecode.swift; path = MediaManager.swift; sourceTree = "<group>"; };
		0A3805AC2070363B00F680E1 /* MediaDeliveryService.swift */ = {isa = PBXFileReference; lastKnownFileType = sourcecode.swift; path = MediaDeliveryService.swift; sourceTree = "<group>"; };
		0A6F217F20695BE400B0BD37 /* SwiftMovieSearch.app */ = {isa = PBXFileReference; explicitFileType = wrapper.application; includeInIndex = 0; path = SwiftMovieSearch.app; sourceTree = BUILT_PRODUCTS_DIR; };
		0A6F218220695BE400B0BD37 /* AppDelegate.swift */ = {isa = PBXFileReference; lastKnownFileType = sourcecode.swift; path = AppDelegate.swift; sourceTree = "<group>"; };
		0A6F218420695BE400B0BD37 /* ViewController.swift */ = {isa = PBXFileReference; lastKnownFileType = sourcecode.swift; path = ViewController.swift; sourceTree = "<group>"; };
		0A6F218E20695BE400B0BD37 /* Info.plist */ = {isa = PBXFileReference; lastKnownFileType = text.plist.xml; path = Info.plist; sourceTree = "<group>"; };
		0A6F219920695CA100B0BD37 /* NetworkWorm.framework */ = {isa = PBXFileReference; explicitFileType = wrapper.framework; includeInIndex = 0; path = NetworkWorm.framework; sourceTree = BUILT_PRODUCTS_DIR; };
		0A6F219B20695CA100B0BD37 /* NetworkWorm.h */ = {isa = PBXFileReference; lastKnownFileType = sourcecode.c.h; path = NetworkWorm.h; sourceTree = "<group>"; };
		0A6F219C20695CA100B0BD37 /* Info.plist */ = {isa = PBXFileReference; lastKnownFileType = text.plist.xml; path = Info.plist; sourceTree = "<group>"; };
		0A6F21B720695D4000B0BD37 /* NetworkReachabilityManager.swift */ = {isa = PBXFileReference; fileEncoding = 4; lastKnownFileType = sourcecode.swift; path = NetworkReachabilityManager.swift; sourceTree = "<group>"; };
		0A6F21B820695D4000B0BD37 /* NetworkAPIClient.swift */ = {isa = PBXFileReference; fileEncoding = 4; lastKnownFileType = sourcecode.swift; path = NetworkAPIClient.swift; sourceTree = "<group>"; };
		0A6F21B920695D4000B0BD37 /* NetworkResponse.swift */ = {isa = PBXFileReference; fileEncoding = 4; lastKnownFileType = sourcecode.swift; path = NetworkResponse.swift; sourceTree = "<group>"; };
		0A6F21BA20695D4000B0BD37 /* NetworkCommand.swift */ = {isa = PBXFileReference; fileEncoding = 4; lastKnownFileType = sourcecode.swift; path = NetworkCommand.swift; sourceTree = "<group>"; };
		0A6F21BB20695D4000B0BD37 /* NetworkErrorFactory.swift */ = {isa = PBXFileReference; fileEncoding = 4; lastKnownFileType = sourcecode.swift; path = NetworkErrorFactory.swift; sourceTree = "<group>"; };
		0A6F21BC20695D4000B0BD37 /* NetworkConfiguration.swift */ = {isa = PBXFileReference; fileEncoding = 4; lastKnownFileType = sourcecode.swift; path = NetworkConfiguration.swift; sourceTree = "<group>"; };
		0A6F21BD20695D4100B0BD37 /* NetworkResponseAnalyzer.swift */ = {isa = PBXFileReference; fileEncoding = 4; lastKnownFileType = sourcecode.swift; path = NetworkResponseAnalyzer.swift; sourceTree = "<group>"; };
		0A85E50E206D7EDA0023B417 /* Assets.xcassets */ = {isa = PBXFileReference; lastKnownFileType = folder.assetcatalog; path = Assets.xcassets; sourceTree = "<group>"; };
		0A85E510206D7EDA0023B417 /* Base */ = {isa = PBXFileReference; lastKnownFileType = file.storyboard; name = Base; path = Base.lproj/LaunchScreen.storyboard; sourceTree = "<group>"; };
		0A85E512206D7EDA0023B417 /* Base */ = {isa = PBXFileReference; lastKnownFileType = file.storyboard; name = Base; path = Base.lproj/Main.storyboard; sourceTree = "<group>"; };
		0A85E517206D7EDA0023B417 /* ApplicationSettingsStorage.swift */ = {isa = PBXFileReference; fileEncoding = 4; lastKnownFileType = sourcecode.swift; path = ApplicationSettingsStorage.swift; sourceTree = "<group>"; };
		0A85E519206D7EDA0023B417 /* MoviesDataProvider.swift */ = {isa = PBXFileReference; fileEncoding = 4; lastKnownFileType = sourcecode.swift; path = MoviesDataProvider.swift; sourceTree = "<group>"; };
		0A85E51C206D7EDA0023B417 /* UIViewController+Extensions.swift */ = {isa = PBXFileReference; fileEncoding = 4; lastKnownFileType = sourcecode.swift; path = "UIViewController+Extensions.swift"; sourceTree = "<group>"; };
		0A85E51D206D7EDA0023B417 /* UIView+Extensions.swift */ = {isa = PBXFileReference; fileEncoding = 4; lastKnownFileType = sourcecode.swift; path = "UIView+Extensions.swift"; sourceTree = "<group>"; };
		0A85E51E206D7EDA0023B417 /* UITableViewCell.swift */ = {isa = PBXFileReference; fileEncoding = 4; lastKnownFileType = sourcecode.swift; path = UITableViewCell.swift; sourceTree = "<group>"; };
		0A85E520206D7EDA0023B417 /* Collection+Extensions.swift */ = {isa = PBXFileReference; fileEncoding = 4; lastKnownFileType = sourcecode.swift; path = "Collection+Extensions.swift"; sourceTree = "<group>"; };
		0A85E52D206D7EDA0023B417 /* MoneyFormatter.swift */ = {isa = PBXFileReference; fileEncoding = 4; lastKnownFileType = sourcecode.swift; path = MoneyFormatter.swift; sourceTree = "<group>"; };
		0A85E52E206D7EDA0023B417 /* DateFormatter.swift */ = {isa = PBXFileReference; fileEncoding = 4; lastKnownFileType = sourcecode.swift; path = DateFormatter.swift; sourceTree = "<group>"; };
		0A85E533206D7EDA0023B417 /* KeyboardService.swift */ = {isa = PBXFileReference; fileEncoding = 4; lastKnownFileType = sourcecode.swift; path = KeyboardService.swift; sourceTree = "<group>"; };
		0A85E534206D7EDA0023B417 /* LoggingService.swift */ = {isa = PBXFileReference; fileEncoding = 4; lastKnownFileType = sourcecode.swift; path = LoggingService.swift; sourceTree = "<group>"; };
		0A85E535206D7EDA0023B417 /* Services.swift */ = {isa = PBXFileReference; fileEncoding = 4; lastKnownFileType = sourcecode.swift; path = Services.swift; sourceTree = "<group>"; };
		0A85E536206D7EDA0023B417 /* DataProviderService.swift */ = {isa = PBXFileReference; fileEncoding = 4; lastKnownFileType = sourcecode.swift; path = DataProviderService.swift; sourceTree = "<group>"; };
		0A85E537206D7EDA0023B417 /* NetworkService.swift */ = {isa = PBXFileReference; fileEncoding = 4; lastKnownFileType = sourcecode.swift; path = NetworkService.swift; sourceTree = "<group>"; };
		0A85E538206D7EDA0023B417 /* ViewControllersService.swift */ = {isa = PBXFileReference; fileEncoding = 4; lastKnownFileType = sourcecode.swift; path = ViewControllersService.swift; sourceTree = "<group>"; };
		0A85E563206D86020023B417 /* LeftRightTableViewCell.swift */ = {isa = PBXFileReference; fileEncoding = 4; lastKnownFileType = sourcecode.swift; path = LeftRightTableViewCell.swift; sourceTree = "<group>"; };
		0A85E564206D86020023B417 /* LeftRightTableViewCell.xib */ = {isa = PBXFileReference; fileEncoding = 4; lastKnownFileType = file.xib; path = LeftRightTableViewCell.xib; sourceTree = "<group>"; };
		0A8A93E5206D1DAE00ABABEF /* NetworkRequestSerializer.swift */ = {isa = PBXFileReference; lastKnownFileType = sourcecode.swift; path = NetworkRequestSerializer.swift; sourceTree = "<group>"; };
		0AD085C5206E23AC00CAFF97 /* Movie.swift */ = {isa = PBXFileReference; lastKnownFileType = sourcecode.swift; path = Movie.swift; sourceTree = "<group>"; };
		0AD085C7206E641700CAFF97 /* MoviePreviewTableViewCell.swift */ = {isa = PBXFileReference; lastKnownFileType = sourcecode.swift; path = MoviePreviewTableViewCell.swift; sourceTree = "<group>"; };
		0AD085CB206E807000CAFF97 /* UserActionsProtocols.swift */ = {isa = PBXFileReference; lastKnownFileType = sourcecode.swift; path = UserActionsProtocols.swift; sourceTree = "<group>"; };
		0AD085CD206E929800CAFF97 /* Result.swift */ = {isa = PBXFileReference; lastKnownFileType = sourcecode.swift; path = Result.swift; sourceTree = "<group>"; };
		0AD085CF206EB57500CAFF97 /* PagedList.swift */ = {isa = PBXFileReference; lastKnownFileType = sourcecode.swift; path = PagedList.swift; sourceTree = "<group>"; };
/* End PBXFileReference section */

/* Begin PBXFrameworksBuildPhase section */
		0A6F217C20695BE400B0BD37 /* Frameworks */ = {
			isa = PBXFrameworksBuildPhase;
			buildActionMask = 2147483647;
			files = (
				0A6F21A020695CA100B0BD37 /* NetworkWorm.framework in Frameworks */,
			);
			runOnlyForDeploymentPostprocessing = 0;
		};
		0A6F219520695CA100B0BD37 /* Frameworks */ = {
			isa = PBXFrameworksBuildPhase;
			buildActionMask = 2147483647;
			files = (
			);
			runOnlyForDeploymentPostprocessing = 0;
		};
/* End PBXFrameworksBuildPhase section */

/* Begin PBXGroup section */
		0A0D3D07207241F700D263D4 /* Movies */ = {
			isa = PBXGroup;
			children = (
				0A0D3D08207241F700D263D4 /* MovieViewController.swift */,
				0A0D3D09207241F700D263D4 /* MoviesViewController.swift */,
				0A0D3D0A207241F700D263D4 /* SearchMovieViewController.swift */,
				0A0D3D0B207241F700D263D4 /* MoviesViewController+Model.swift */,
				0A0D3D0C207241F700D263D4 /* MovieViewController+Model.swift */,
			);
			path = Movies;
			sourceTree = "<group>";
		};
		0A0D3D132072423200D263D4 /* Notifications */ = {
			isa = PBXGroup;
			children = (
				0A0D3D1420724E8C00D263D4 /* NotificationViewController.swift */,
			);
			path = Notifications;
			sourceTree = "<group>";
		};
		0A3805A9207029B400F680E1 /* MediaManager */ = {
			isa = PBXGroup;
			children = (
				0A3805AA207029C000F680E1 /* MediaManager.swift */,
			);
			path = MediaManager;
			sourceTree = "<group>";
		};
		0A6F217620695BE400B0BD37 = {
			isa = PBXGroup;
			children = (
				0A85E50C206D7EDA0023B417 /* Core */,
				0A6F218120695BE400B0BD37 /* SwiftMovieSearch */,
				0A6F219A20695CA100B0BD37 /* NetworkWorm */,
				0A6F218020695BE400B0BD37 /* Products */,
			);
			sourceTree = "<group>";
		};
		0A6F218020695BE400B0BD37 /* Products */ = {
			isa = PBXGroup;
			children = (
				0A6F217F20695BE400B0BD37 /* SwiftMovieSearch.app */,
				0A6F219920695CA100B0BD37 /* NetworkWorm.framework */,
			);
			name = Products;
			sourceTree = "<group>";
		};
		0A6F218120695BE400B0BD37 /* SwiftMovieSearch */ = {
			isa = PBXGroup;
			children = (
				0A6F218220695BE400B0BD37 /* AppDelegate.swift */,
				0A6F218420695BE400B0BD37 /* ViewController.swift */,
				0A6F218E20695BE400B0BD37 /* Info.plist */,
			);
			path = SwiftMovieSearch;
			sourceTree = "<group>";
		};
		0A6F219A20695CA100B0BD37 /* NetworkWorm */ = {
			isa = PBXGroup;
			children = (
				0A6F21B820695D4000B0BD37 /* NetworkAPIClient.swift */,
				0A6F21BA20695D4000B0BD37 /* NetworkCommand.swift */,
				0A8A93E5206D1DAE00ABABEF /* NetworkRequestSerializer.swift */,
				0A6F21BC20695D4000B0BD37 /* NetworkConfiguration.swift */,
				0A6F21BB20695D4000B0BD37 /* NetworkErrorFactory.swift */,
				0A6F21B720695D4000B0BD37 /* NetworkReachabilityManager.swift */,
				0A6F21B920695D4000B0BD37 /* NetworkResponse.swift */,
				0A6F21BD20695D4100B0BD37 /* NetworkResponseAnalyzer.swift */,
				0A6F219B20695CA100B0BD37 /* NetworkWorm.h */,
				0A6F219C20695CA100B0BD37 /* Info.plist */,
				0A0D3D052071FAB600D263D4 /* NetworkSessionWrapper.swift */,
			);
			path = NetworkWorm;
			sourceTree = "<group>";
		};
		0A85E50C206D7EDA0023B417 /* Core */ = {
			isa = PBXGroup;
			children = (
				0A3805A9207029B400F680E1 /* MediaManager */,
				0A85E50D206D7EDA0023B417 /* Resources */,
				0A85E513206D7EDA0023B417 /* Models */,
				0A85E518206D7EDA0023B417 /* DataProvider */,
				0A85E51A206D7EDA0023B417 /* Extensions */,
				0A85E521206D7EDA0023B417 /* ViewControllers */,
				0A85E52B206D7EDA0023B417 /* Views */,
				0A85E532206D7EDA0023B417 /* Services */,
			);
			path = Core;
			sourceTree = "<group>";
		};
		0A85E50D206D7EDA0023B417 /* Resources */ = {
			isa = PBXGroup;
			children = (
				0A85E50E206D7EDA0023B417 /* Assets.xcassets */,
				0A85E50F206D7EDA0023B417 /* LaunchScreen.storyboard */,
				0A85E511206D7EDA0023B417 /* Main.storyboard */,
			);
			path = Resources;
			sourceTree = "<group>";
		};
		0A85E513206D7EDA0023B417 /* Models */ = {
			isa = PBXGroup;
			children = (
				0A85E517206D7EDA0023B417 /* ApplicationSettingsStorage.swift */,
				0AD085C5206E23AC00CAFF97 /* Movie.swift */,
			);
			path = Models;
			sourceTree = "<group>";
		};
		0A85E518206D7EDA0023B417 /* DataProvider */ = {
			isa = PBXGroup;
			children = (
				0A85E519206D7EDA0023B417 /* MoviesDataProvider.swift */,
			);
			path = DataProvider;
			sourceTree = "<group>";
		};
		0A85E51A206D7EDA0023B417 /* Extensions */ = {
			isa = PBXGroup;
			children = (
				0A85E51B206D7EDA0023B417 /* UIKit */,
				0A85E51F206D7EDA0023B417 /* Swift */,
			);
			path = Extensions;
			sourceTree = "<group>";
		};
		0A85E51B206D7EDA0023B417 /* UIKit */ = {
			isa = PBXGroup;
			children = (
				0A85E51C206D7EDA0023B417 /* UIViewController+Extensions.swift */,
				0A85E51D206D7EDA0023B417 /* UIView+Extensions.swift */,
				0A85E51E206D7EDA0023B417 /* UITableViewCell.swift */,
			);
			path = UIKit;
			sourceTree = "<group>";
		};
		0A85E51F206D7EDA0023B417 /* Swift */ = {
			isa = PBXGroup;
			children = (
				0A85E520206D7EDA0023B417 /* Collection+Extensions.swift */,
				0AD085CD206E929800CAFF97 /* Result.swift */,
				0AD085CF206EB57500CAFF97 /* PagedList.swift */,
				0A0D3D232073878800D263D4 /* Numeric+Extensions.swift */,
			);
			path = Swift;
			sourceTree = "<group>";
		};
		0A85E521206D7EDA0023B417 /* ViewControllers */ = {
			isa = PBXGroup;
			children = (
				0A0D3D132072423200D263D4 /* Notifications */,
				0A0D3D07207241F700D263D4 /* Movies */,
				0AD085CB206E807000CAFF97 /* UserActionsProtocols.swift */,
				0A3805A7207014E800F680E1 /* ViewControllersProtocols.swift */,
				0A0D3D2D2073F87500D263D4 /* BaseTableViewController.swift */,
			);
			path = ViewControllers;
			sourceTree = "<group>";
		};
		0A85E52B206D7EDA0023B417 /* Views */ = {
			isa = PBXGroup;
			children = (
				0A85E562206D85C30023B417 /* UITableViewCells */,
				0A85E52C206D7EDA0023B417 /* Formatters */,
			);
			path = Views;
			sourceTree = "<group>";
		};
		0A85E52C206D7EDA0023B417 /* Formatters */ = {
			isa = PBXGroup;
			children = (
				0A85E52D206D7EDA0023B417 /* MoneyFormatter.swift */,
				0A85E52E206D7EDA0023B417 /* DateFormatter.swift */,
			);
			path = Formatters;
			sourceTree = "<group>";
		};
		0A85E532206D7EDA0023B417 /* Services */ = {
			isa = PBXGroup;
			children = (
				0A85E533206D7EDA0023B417 /* KeyboardService.swift */,
				0A85E534206D7EDA0023B417 /* LoggingService.swift */,
				0A85E535206D7EDA0023B417 /* Services.swift */,
				0A85E536206D7EDA0023B417 /* DataProviderService.swift */,
				0A85E537206D7EDA0023B417 /* NetworkService.swift */,
				0A85E538206D7EDA0023B417 /* ViewControllersService.swift */,
				0A3805AC2070363B00F680E1 /* MediaDeliveryService.swift */,
			);
			path = Services;
			sourceTree = "<group>";
		};
		0A85E562206D85C30023B417 /* UITableViewCells */ = {
			isa = PBXGroup;
			children = (
				0A0D3D292073913900D263D4 /* TitleSubtitleTableViewCell.xib */,
				0A3805A5207005D800F680E1 /* MoviePreviewTableViewCell.xib */,
				0A85E563206D86020023B417 /* LeftRightTableViewCell.swift */,
				0A85E564206D86020023B417 /* LeftRightTableViewCell.xib */,
				0AD085C7206E641700CAFF97 /* MoviePreviewTableViewCell.swift */,
				0A0D3D262073904500D263D4 /* TitleSubtitleTableViewCell.swift */,
			);
			path = UITableViewCells;
			sourceTree = "<group>";
		};
/* End PBXGroup section */

/* Begin PBXHeadersBuildPhase section */
		0A6F219620695CA100B0BD37 /* Headers */ = {
			isa = PBXHeadersBuildPhase;
			buildActionMask = 2147483647;
			files = (
				0A6F219D20695CA100B0BD37 /* NetworkWorm.h in Headers */,
			);
			runOnlyForDeploymentPostprocessing = 0;
		};
/* End PBXHeadersBuildPhase section */

/* Begin PBXNativeTarget section */
		0A6F217E20695BE400B0BD37 /* SwiftMovieSearch */ = {
			isa = PBXNativeTarget;
			buildConfigurationList = 0A6F219120695BE400B0BD37 /* Build configuration list for PBXNativeTarget "SwiftMovieSearch" */;
			buildPhases = (
				0A6F217B20695BE400B0BD37 /* Sources */,
				0A6F217C20695BE400B0BD37 /* Frameworks */,
				0A6F217D20695BE400B0BD37 /* Resources */,
				0A6F21A520695CA100B0BD37 /* Embed Frameworks */,
			);
			buildRules = (
			);
			dependencies = (
				0A6F219F20695CA100B0BD37 /* PBXTargetDependency */,
			);
			name = SwiftMovieSearch;
			productName = SwiftMovieSearch;
			productReference = 0A6F217F20695BE400B0BD37 /* SwiftMovieSearch.app */;
			productType = "com.apple.product-type.application";
		};
		0A6F219820695CA100B0BD37 /* NetworkWorm */ = {
			isa = PBXNativeTarget;
			buildConfigurationList = 0A6F21A420695CA100B0BD37 /* Build configuration list for PBXNativeTarget "NetworkWorm" */;
			buildPhases = (
				0A6F219420695CA100B0BD37 /* Sources */,
				0A6F219520695CA100B0BD37 /* Frameworks */,
				0A6F219620695CA100B0BD37 /* Headers */,
				0A6F219720695CA100B0BD37 /* Resources */,
			);
			buildRules = (
			);
			dependencies = (
			);
			name = NetworkWorm;
			productName = NetworkWorm;
			productReference = 0A6F219920695CA100B0BD37 /* NetworkWorm.framework */;
			productType = "com.apple.product-type.framework";
		};
/* End PBXNativeTarget section */

/* Begin PBXProject section */
		0A6F217720695BE400B0BD37 /* Project object */ = {
			isa = PBXProject;
			attributes = {
				LastSwiftUpdateCheck = 0920;
				LastUpgradeCheck = 0930;
				ORGANIZATIONNAME = Home;
				TargetAttributes = {
					0A6F217E20695BE400B0BD37 = {
						CreatedOnToolsVersion = 9.2;
						ProvisioningStyle = Automatic;
					};
					0A6F219820695CA100B0BD37 = {
						CreatedOnToolsVersion = 9.2;
						LastSwiftMigration = 0920;
						ProvisioningStyle = Automatic;
					};
				};
			};
			buildConfigurationList = 0A6F217A20695BE400B0BD37 /* Build configuration list for PBXProject "SwiftMovieSearch" */;
			compatibilityVersion = "Xcode 8.0";
			developmentRegion = en;
			hasScannedForEncodings = 0;
			knownRegions = (
				en,
				Base,
			);
			mainGroup = 0A6F217620695BE400B0BD37;
			productRefGroup = 0A6F218020695BE400B0BD37 /* Products */;
			projectDirPath = "";
			projectRoot = "";
			targets = (
				0A6F217E20695BE400B0BD37 /* SwiftMovieSearch */,
				0A6F219820695CA100B0BD37 /* NetworkWorm */,
			);
		};
/* End PBXProject section */

/* Begin PBXResourcesBuildPhase section */
		0A6F217D20695BE400B0BD37 /* Resources */ = {
			isa = PBXResourcesBuildPhase;
			buildActionMask = 2147483647;
			files = (
				0A85E53A206D7EDA0023B417 /* Assets.xcassets in Resources */,
				0A85E53C206D7EDA0023B417 /* Main.storyboard in Resources */,
				0A0D3D2C2073926100D263D4 /* TitleSubtitleTableViewCell.xib in Resources */,
				0A85E53B206D7EDA0023B417 /* LaunchScreen.storyboard in Resources */,
				0A85E566206D86020023B417 /* LeftRightTableViewCell.xib in Resources */,
				0A3805A6207005D800F680E1 /* MoviePreviewTableViewCell.xib in Resources */,
			);
			runOnlyForDeploymentPostprocessing = 0;
		};
		0A6F219720695CA100B0BD37 /* Resources */ = {
			isa = PBXResourcesBuildPhase;
			buildActionMask = 2147483647;
			files = (
			);
			runOnlyForDeploymentPostprocessing = 0;
		};
/* End PBXResourcesBuildPhase section */

/* Begin PBXSourcesBuildPhase section */
		0A6F217B20695BE400B0BD37 /* Sources */ = {
			isa = PBXSourcesBuildPhase;
			buildActionMask = 2147483647;
			files = (
				0A3805AB207029C000F680E1 /* MediaManager.swift in Sources */,
				0A0D3D252073894E00D263D4 /* Numeric+Extensions.swift in Sources */,
				0A85E554206D7EDA0023B417 /* LoggingService.swift in Sources */,
				0AD085D0206EB57500CAFF97 /* PagedList.swift in Sources */,
				0A0D3D2F2073FFCA00D263D4 /* BaseTableViewController.swift in Sources */,
				0A85E550206D7EDA0023B417 /* DateFormatter.swift in Sources */,
				0A0D3D282073910300D263D4 /* TitleSubtitleTableViewCell.swift in Sources */,
				0A85E565206D86020023B417 /* LeftRightTableViewCell.swift in Sources */,
				0A6F218520695BE400B0BD37 /* ViewController.swift in Sources */,
				0A85E545206D7EDA0023B417 /* Collection+Extensions.swift in Sources */,
				0A0D3D1B20726B6B00D263D4 /* MovieViewController+Model.swift in Sources */,
				0A85E558206D7EDB0023B417 /* ViewControllersService.swift in Sources */,
				0AD085C8206E641700CAFF97 /* MoviePreviewTableViewCell.swift in Sources */,
				0A85E543206D7EDA0023B417 /* UIView+Extensions.swift in Sources */,
				0AD085CC206E807000CAFF97 /* UserActionsProtocols.swift in Sources */,
				0A85E54F206D7EDA0023B417 /* MoneyFormatter.swift in Sources */,
				0A85E555206D7EDA0023B417 /* Services.swift in Sources */,
				0A0D3D1720726B6B00D263D4 /* MovieViewController.swift in Sources */,
				0AD085CE206E929800CAFF97 /* Result.swift in Sources */,
				0A0D3D1C20726B6E00D263D4 /* NotificationViewController.swift in Sources */,
				0A3805A8207014E800F680E1 /* ViewControllersProtocols.swift in Sources */,
				0A3805AD2070363B00F680E1 /* MediaDeliveryService.swift in Sources */,
				0A0D3D1A20726B6B00D263D4 /* MoviesViewController+Model.swift in Sources */,
				0A85E541206D7EDA0023B417 /* MoviesDataProvider.swift in Sources */,
				0A85E544206D7EDA0023B417 /* UITableViewCell.swift in Sources */,
				0A0D3D1920726B6B00D263D4 /* SearchMovieViewController.swift in Sources */,
				0A85E542206D7EDA0023B417 /* UIViewController+Extensions.swift in Sources */,
				0A85E556206D7EDA0023B417 /* DataProviderService.swift in Sources */,
				0A85E553206D7EDA0023B417 /* KeyboardService.swift in Sources */,
				0A6F218320695BE400B0BD37 /* AppDelegate.swift in Sources */,
				0A85E540206D7EDA0023B417 /* ApplicationSettingsStorage.swift in Sources */,
				0AD085C6206E23AC00CAFF97 /* Movie.swift in Sources */,
				0A85E557206D7EDB0023B417 /* NetworkService.swift in Sources */,
				0A0D3D1820726B6B00D263D4 /* MoviesViewController.swift in Sources */,
			);
			runOnlyForDeploymentPostprocessing = 0;
		};
		0A6F219420695CA100B0BD37 /* Sources */ = {
			isa = PBXSourcesBuildPhase;
			buildActionMask = 2147483647;
			files = (
				0A6F21C120695D4100B0BD37 /* NetworkCommand.swift in Sources */,
				0A6F21BF20695D4100B0BD37 /* NetworkAPIClient.swift in Sources */,
				0A6F21C220695D4100B0BD37 /* NetworkErrorFactory.swift in Sources */,
				0A6F21C420695D4100B0BD37 /* NetworkResponseAnalyzer.swift in Sources */,
				0A6F21BE20695D4100B0BD37 /* NetworkReachabilityManager.swift in Sources */,
				0A6F21C020695D4100B0BD37 /* NetworkResponse.swift in Sources */,
				0A8A93E6206D1DAE00ABABEF /* NetworkRequestSerializer.swift in Sources */,
				0A0D3D062071FAB600D263D4 /* NetworkSessionWrapper.swift in Sources */,
				0A6F21C320695D4100B0BD37 /* NetworkConfiguration.swift in Sources */,
			);
			runOnlyForDeploymentPostprocessing = 0;
		};
/* End PBXSourcesBuildPhase section */

/* Begin PBXTargetDependency section */
		0A6F219F20695CA100B0BD37 /* PBXTargetDependency */ = {
			isa = PBXTargetDependency;
			target = 0A6F219820695CA100B0BD37 /* NetworkWorm */;
			targetProxy = 0A6F219E20695CA100B0BD37 /* PBXContainerItemProxy */;
		};
/* End PBXTargetDependency section */

/* Begin PBXVariantGroup section */
		0A85E50F206D7EDA0023B417 /* LaunchScreen.storyboard */ = {
			isa = PBXVariantGroup;
			children = (
				0A85E510206D7EDA0023B417 /* Base */,
			);
			name = LaunchScreen.storyboard;
			sourceTree = "<group>";
		};
		0A85E511206D7EDA0023B417 /* Main.storyboard */ = {
			isa = PBXVariantGroup;
			children = (
				0A85E512206D7EDA0023B417 /* Base */,
			);
			name = Main.storyboard;
			sourceTree = "<group>";
		};
/* End PBXVariantGroup section */

/* Begin XCBuildConfiguration section */
		0A6F218F20695BE400B0BD37 /* Debug */ = {
			isa = XCBuildConfiguration;
			buildSettings = {
				ALWAYS_SEARCH_USER_PATHS = NO;
				CLANG_ANALYZER_NONNULL = YES;
				CLANG_ANALYZER_NUMBER_OBJECT_CONVERSION = YES_AGGRESSIVE;
				CLANG_CXX_LANGUAGE_STANDARD = "gnu++14";
				CLANG_CXX_LIBRARY = "libc++";
				CLANG_ENABLE_MODULES = YES;
				CLANG_ENABLE_OBJC_ARC = YES;
				CLANG_WARN_BLOCK_CAPTURE_AUTORELEASING = YES;
				CLANG_WARN_BOOL_CONVERSION = YES;
				CLANG_WARN_COMMA = YES;
				CLANG_WARN_CONSTANT_CONVERSION = YES;
				CLANG_WARN_DEPRECATED_OBJC_IMPLEMENTATIONS = YES;
				CLANG_WARN_DIRECT_OBJC_ISA_USAGE = YES_ERROR;
				CLANG_WARN_DOCUMENTATION_COMMENTS = YES;
				CLANG_WARN_EMPTY_BODY = YES;
				CLANG_WARN_ENUM_CONVERSION = YES;
				CLANG_WARN_INFINITE_RECURSION = YES;
				CLANG_WARN_INT_CONVERSION = YES;
				CLANG_WARN_NON_LITERAL_NULL_CONVERSION = YES;
				CLANG_WARN_OBJC_IMPLICIT_RETAIN_SELF = YES;
				CLANG_WARN_OBJC_LITERAL_CONVERSION = YES;
				CLANG_WARN_OBJC_ROOT_CLASS = YES_ERROR;
				CLANG_WARN_RANGE_LOOP_ANALYSIS = YES;
				CLANG_WARN_STRICT_PROTOTYPES = YES;
				CLANG_WARN_SUSPICIOUS_MOVE = YES;
				CLANG_WARN_UNGUARDED_AVAILABILITY = YES_AGGRESSIVE;
				CLANG_WARN_UNREACHABLE_CODE = YES;
				CLANG_WARN__DUPLICATE_METHOD_MATCH = YES;
				CODE_SIGN_IDENTITY = "iPhone Developer";
				COPY_PHASE_STRIP = NO;
				DEBUG_INFORMATION_FORMAT = dwarf;
				ENABLE_STRICT_OBJC_MSGSEND = YES;
				ENABLE_TESTABILITY = YES;
				GCC_C_LANGUAGE_STANDARD = gnu11;
				GCC_DYNAMIC_NO_PIC = NO;
				GCC_NO_COMMON_BLOCKS = YES;
				GCC_OPTIMIZATION_LEVEL = 0;
				GCC_PREPROCESSOR_DEFINITIONS = (
					"DEBUG=1",
					"$(inherited)",
				);
				GCC_WARN_64_TO_32_BIT_CONVERSION = YES;
				GCC_WARN_ABOUT_RETURN_TYPE = YES_ERROR;
				GCC_WARN_UNDECLARED_SELECTOR = YES;
				GCC_WARN_UNINITIALIZED_AUTOS = YES_AGGRESSIVE;
				GCC_WARN_UNUSED_FUNCTION = YES;
				GCC_WARN_UNUSED_VARIABLE = YES;
				MTL_ENABLE_DEBUG_INFO = YES;
				ONLY_ACTIVE_ARCH = YES;
				SDKROOT = iphoneos;
				SWIFT_ACTIVE_COMPILATION_CONDITIONS = DEBUG;
				SWIFT_OPTIMIZATION_LEVEL = "-Onone";
				SWIFT_VERSION = 4.0;
			};
			name = Debug;
		};
		0A6F219020695BE400B0BD37 /* Release */ = {
			isa = XCBuildConfiguration;
			buildSettings = {
				ALWAYS_SEARCH_USER_PATHS = NO;
				CLANG_ANALYZER_NONNULL = YES;
				CLANG_ANALYZER_NUMBER_OBJECT_CONVERSION = YES_AGGRESSIVE;
				CLANG_CXX_LANGUAGE_STANDARD = "gnu++14";
				CLANG_CXX_LIBRARY = "libc++";
				CLANG_ENABLE_MODULES = YES;
				CLANG_ENABLE_OBJC_ARC = YES;
				CLANG_WARN_BLOCK_CAPTURE_AUTORELEASING = YES;
				CLANG_WARN_BOOL_CONVERSION = YES;
				CLANG_WARN_COMMA = YES;
				CLANG_WARN_CONSTANT_CONVERSION = YES;
				CLANG_WARN_DEPRECATED_OBJC_IMPLEMENTATIONS = YES;
				CLANG_WARN_DIRECT_OBJC_ISA_USAGE = YES_ERROR;
				CLANG_WARN_DOCUMENTATION_COMMENTS = YES;
				CLANG_WARN_EMPTY_BODY = YES;
				CLANG_WARN_ENUM_CONVERSION = YES;
				CLANG_WARN_INFINITE_RECURSION = YES;
				CLANG_WARN_INT_CONVERSION = YES;
				CLANG_WARN_NON_LITERAL_NULL_CONVERSION = YES;
				CLANG_WARN_OBJC_IMPLICIT_RETAIN_SELF = YES;
				CLANG_WARN_OBJC_LITERAL_CONVERSION = YES;
				CLANG_WARN_OBJC_ROOT_CLASS = YES_ERROR;
				CLANG_WARN_RANGE_LOOP_ANALYSIS = YES;
				CLANG_WARN_STRICT_PROTOTYPES = YES;
				CLANG_WARN_SUSPICIOUS_MOVE = YES;
				CLANG_WARN_UNGUARDED_AVAILABILITY = YES_AGGRESSIVE;
				CLANG_WARN_UNREACHABLE_CODE = YES;
				CLANG_WARN__DUPLICATE_METHOD_MATCH = YES;
				CODE_SIGN_IDENTITY = "iPhone Developer";
				COPY_PHASE_STRIP = NO;
				DEBUG_INFORMATION_FORMAT = "dwarf-with-dsym";
				ENABLE_NS_ASSERTIONS = NO;
				ENABLE_STRICT_OBJC_MSGSEND = YES;
				GCC_C_LANGUAGE_STANDARD = gnu11;
				GCC_NO_COMMON_BLOCKS = YES;
				GCC_WARN_64_TO_32_BIT_CONVERSION = YES;
				GCC_WARN_ABOUT_RETURN_TYPE = YES_ERROR;
				GCC_WARN_UNDECLARED_SELECTOR = YES;
				GCC_WARN_UNINITIALIZED_AUTOS = YES_AGGRESSIVE;
				GCC_WARN_UNUSED_FUNCTION = YES;
				GCC_WARN_UNUSED_VARIABLE = YES;
				MTL_ENABLE_DEBUG_INFO = NO;
				SDKROOT = iphoneos;
				SWIFT_OPTIMIZATION_LEVEL = "-Owholemodule";
				SWIFT_VERSION = 4.0;
				VALIDATE_PRODUCT = YES;
			};
			name = Release;
		};
		0A6F219220695BE400B0BD37 /* Debug */ = {
			isa = XCBuildConfiguration;
			buildSettings = {
				ALWAYS_EMBED_SWIFT_STANDARD_LIBRARIES = YES;
				ASSETCATALOG_COMPILER_APPICON_NAME = AppIcon;
				CODE_SIGN_STYLE = Automatic;
				DEVELOPMENT_TEAM = 942QBE43P5;
				INFOPLIST_FILE = SwiftMovieSearch/Info.plist;
				LD_RUNPATH_SEARCH_PATHS = "$(inherited) @executable_path/Frameworks";
				PRODUCT_BUNDLE_IDENTIFIER = org.opensource.SwiftMovieSearch;
				PRODUCT_NAME = "$(TARGET_NAME)";
				TARGETED_DEVICE_FAMILY = "1,2";
			};
			name = Debug;
		};
		0A6F219320695BE400B0BD37 /* Release */ = {
			isa = XCBuildConfiguration;
			buildSettings = {
				ALWAYS_EMBED_SWIFT_STANDARD_LIBRARIES = YES;
				ASSETCATALOG_COMPILER_APPICON_NAME = AppIcon;
				CODE_SIGN_STYLE = Automatic;
				DEVELOPMENT_TEAM = 942QBE43P5;
				INFOPLIST_FILE = SwiftMovieSearch/Info.plist;
				LD_RUNPATH_SEARCH_PATHS = "$(inherited) @executable_path/Frameworks";
				PRODUCT_BUNDLE_IDENTIFIER = org.opensource.SwiftMovieSearch;
				PRODUCT_NAME = "$(TARGET_NAME)";
				TARGETED_DEVICE_FAMILY = "1,2";
			};
			name = Release;
		};
		0A6F21A220695CA100B0BD37 /* Debug */ = {
			isa = XCBuildConfiguration;
			buildSettings = {
				CLANG_ENABLE_MODULES = YES;
				CODE_SIGN_IDENTITY = "";
				CODE_SIGN_STYLE = Automatic;
				CURRENT_PROJECT_VERSION = 1;
				DEFINES_MODULE = YES;
				DYLIB_COMPATIBILITY_VERSION = 1;
				DYLIB_CURRENT_VERSION = 1;
				DYLIB_INSTALL_NAME_BASE = "@rpath";
				INFOPLIST_FILE = NetworkWorm/Info.plist;
				INSTALL_PATH = "$(LOCAL_LIBRARY_DIR)/Frameworks";
				LD_RUNPATH_SEARCH_PATHS = "$(inherited) @executable_path/Frameworks @loader_path/Frameworks";
				PRODUCT_BUNDLE_IDENTIFIER = org.opensource.NetworkWorm;
				PRODUCT_NAME = "$(TARGET_NAME:c99extidentifier)";
				SKIP_INSTALL = YES;
				SWIFT_OPTIMIZATION_LEVEL = "-Onone";
				TARGETED_DEVICE_FAMILY = "1,2";
				VERSIONING_SYSTEM = "apple-generic";
				VERSION_INFO_PREFIX = "";
			};
			name = Debug;
		};
		0A6F21A320695CA100B0BD37 /* Release */ = {
			isa = XCBuildConfiguration;
			buildSettings = {
				CLANG_ENABLE_MODULES = YES;
				CODE_SIGN_IDENTITY = "";
				CODE_SIGN_STYLE = Automatic;
				CURRENT_PROJECT_VERSION = 1;
				DEFINES_MODULE = YES;
				DYLIB_COMPATIBILITY_VERSION = 1;
				DYLIB_CURRENT_VERSION = 1;
				DYLIB_INSTALL_NAME_BASE = "@rpath";
				INFOPLIST_FILE = NetworkWorm/Info.plist;
				INSTALL_PATH = "$(LOCAL_LIBRARY_DIR)/Frameworks";
				LD_RUNPATH_SEARCH_PATHS = "$(inherited) @executable_path/Frameworks @loader_path/Frameworks";
				PRODUCT_BUNDLE_IDENTIFIER = org.opensource.NetworkWorm;
				PRODUCT_NAME = "$(TARGET_NAME:c99extidentifier)";
				SKIP_INSTALL = YES;
				TARGETED_DEVICE_FAMILY = "1,2";
				VERSIONING_SYSTEM = "apple-generic";
				VERSION_INFO_PREFIX = "";
			};
			name = Release;
		};
/* End XCBuildConfiguration section */

/* Begin XCConfigurationList section */
		0A6F217A20695BE400B0BD37 /* Build configuration list for PBXProject "SwiftMovieSearch" */ = {
			isa = XCConfigurationList;
			buildConfigurations = (
				0A6F218F20695BE400B0BD37 /* Debug */,
				0A6F219020695BE400B0BD37 /* Release */,
			);
			defaultConfigurationIsVisible = 0;
			defaultConfigurationName = Release;
		};
		0A6F219120695BE400B0BD37 /* Build configuration list for PBXNativeTarget "SwiftMovieSearch" */ = {
			isa = XCConfigurationList;
			buildConfigurations = (
				0A6F219220695BE400B0BD37 /* Debug */,
				0A6F219320695BE400B0BD37 /* Release */,
			);
			defaultConfigurationIsVisible = 0;
			defaultConfigurationName = Release;
		};
		0A6F21A420695CA100B0BD37 /* Build configuration list for PBXNativeTarget "NetworkWorm" */ = {
			isa = XCConfigurationList;
			buildConfigurations = (
				0A6F21A220695CA100B0BD37 /* Debug */,
				0A6F21A320695CA100B0BD37 /* Release */,
			);
			defaultConfigurationIsVisible = 0;
			defaultConfigurationName = Release;
		};
/* End XCConfigurationList section */
	};
	rootObject = 0A6F217720695BE400B0BD37 /* Project object */;
}
